
Microsoft Visual Studio Solution File, Format Version 12.00
# Visual Studio 15
VisualStudioVersion = 15.0.27703.2026
MinimumVisualStudioVersion = 10.0.40219.1
Project("{FAE04EC0-301F-11D3-BF4B-00C04F79EFBC}") = "BasicUtil", "BasicUtil.csproj", "{5A427C51-FB1A-48D7-8D2A-5A795DD0C130}"
EndProject
Global
	GlobalSection(SolutionConfigurationPlatforms) = preSolution
		Debug|Any CPU = Debug|Any CPU
		Release|Any CPU = Release|Any CPU
	EndGlobalSection
	GlobalSection(ProjectConfigurationPlatforms) = postSolution
		{5A427C51-FB1A-48D7-8D2A-5A795DD0C130}.Debug|Any CPU.ActiveCfg = Debug|Any CPU
		{5A427C51-FB1A-48D7-8D2A-5A795DD0C130}.Debug|Any CPU.Build.0 = Debug|Any CPU
		{5A427C51-FB1A-48D7-8D2A-5A795DD0C130}.Release|Any CPU.ActiveCfg = Release|Any CPU
		{5A427C51-FB1A-48D7-8D2A-5A795DD0C130}.Release|Any CPU.Build.0 = Release|Any CPU
	EndGlobalSection
	GlobalSection(SolutionProperties) = preSolution
		HideSolutionNode = FALSE
	EndGlobalSection
	GlobalSection(ExtensibilityGlobals) = postSolution
		SolutionGuid = {7DD539AE-B49C-4362-84D8-ACA7E35ED26E}
	EndGlobalSection
EndGlobal
